PODS:
  - Expecta (1.0.6)
  - Expecta+Snapshots (3.1.1):
    - Expecta (~> 1.0)
    - FBSnapshotTestCase/Core (~> 2.0)
    - Specta (~> 1.0)
  - FBSnapshotTestCase (2.1.4):
    - FBSnapshotTestCase/SwiftSupport (= 2.1.4)
  - FBSnapshotTestCase/Core (2.1.4)
  - FBSnapshotTestCase/SwiftSupport (2.1.4):
    - FBSnapshotTestCase/Core
  - pod_test (0.1.0)
  - Specta (1.0.7)

DEPENDENCIES:
  - Expecta
  - Expecta+Snapshots
  - FBSnapshotTestCase
  - pod_test (from `https://github.com/zhanchunsw/learngit.git`)
  - Specta

EXTERNAL SOURCES:
  pod_test:
    :git: https://github.com/zhanchunsw/learngit.git

CHECKOUT OPTIONS:
  pod_test:
    :commit: 5cf379fed06efaa5a0735caf407edebc374709cf
    :git: https://github.com/zhanchunsw/learngit.git

SPEC CHECKSUMS:
  Expecta: 3b6bd90a64b9a1dcb0b70aa0e10a7f8f631667d5
  Expecta+Snapshots: dcff217eef506dabd6dfdc7864ea2da321fafbb8
  FBSnapshotTestCase: 094f9f314decbabe373b87cc339bea235a63e07a
  pod_test: 33e7a39e973409ac4f48d2a316f725f7d322aa4f
  Specta: 3e1bd89c3517421982dc4d1c992503e48bd5fe66

PODFILE CHECKSUM: 0e9db989ac16186f40093460d2c8f9c7e53d75aa

COCOAPODS: 1.4.0
